
Microsoft Visual Studio Solution File, Format Version 12.00
# Visual Studio Version 16
VisualStudioVersion = 16.0.29411.108
MinimumVisualStudioVersion = 10.0.40219.1
Project("{FAE04EC0-301F-11D3-BF4B-00C04F79EFBC}") = "Bochky.FindDirectory", "Bochky.FindOrderFolder\Bochky.FindDirectory.csproj", "{EC6C8387-6A95-4695-8F1F-9095A471F68F}"
EndProject
Project("{FAE04EC0-301F-11D3-BF4B-00C04F79EFBC}") = "Bochky.FindDirectory.Common", "Bochky.FindOrderFolder.Common\Bochky.FindDirectory.Common.csproj", "{F634A6FD-AD28-4471-A14B-A4AC629CC0F5}"
EndProject
Project("{FAE04EC0-301F-11D3-BF4B-00C04F79EFBC}") = "Bochky.FindDirectory.Service", "Bochky.FindDirectory.Service\Bochky.FindDirectory.Service.csproj", "{590955F3-79F9-483C-9499-77C3E4E704EF}"
EndProject
Project("{FAE04EC0-301F-11D3-BF4B-00C04F79EFBC}") = "Bochky.FindDirectoryClientTest", "Bochky.FindDirectory.ClientTest\Bochky.FindDirectoryClientTest.csproj", "{2A9569C0-216B-489D-960B-B0B34CA2B864}"
EndProject
Project("{FAE04EC0-301F-11D3-BF4B-00C04F79EFBC}") = "Bochky.Utils", "Bochky.Utils\Bochky.Utils.csproj", "{47624CD8-B110-47AD-AA16-8C7743E7010A}"
EndProject
Global
	GlobalSection(SolutionConfigurationPlatforms) = preSolution
		Debug|Any CPU = Debug|Any CPU
		Release|Any CPU = Release|Any CPU
	EndGlobalSection
	GlobalSection(ProjectConfigurationPlatforms) = postSolution
		{EC6C8387-6A95-4695-8F1F-9095A471F68F}.Debug|Any CPU.ActiveCfg = Debug|Any CPU
		{EC6C8387-6A95-4695-8F1F-9095A471F68F}.Debug|Any CPU.Build.0 = Debug|Any CPU
		{EC6C8387-6A95-4695-8F1F-9095A471F68F}.Release|Any CPU.ActiveCfg = Release|Any CPU
		{EC6C8387-6A95-4695-8F1F-9095A471F68F}.Release|Any CPU.Build.0 = Release|Any CPU
		{F634A6FD-AD28-4471-A14B-A4AC629CC0F5}.Debug|Any CPU.ActiveCfg = Debug|Any CPU
		{F634A6FD-AD28-4471-A14B-A4AC629CC0F5}.Debug|Any CPU.Build.0 = Debug|Any CPU
		{F634A6FD-AD28-4471-A14B-A4AC629CC0F5}.Release|Any CPU.ActiveCfg = Release|Any CPU
		{F634A6FD-AD28-4471-A14B-A4AC629CC0F5}.Release|Any CPU.Build.0 = Release|Any CPU
		{590955F3-79F9-483C-9499-77C3E4E704EF}.Debug|Any CPU.ActiveCfg = Debug|Any CPU
		{590955F3-79F9-483C-9499-77C3E4E704EF}.Debug|Any CPU.Build.0 = Debug|Any CPU
		{590955F3-79F9-483C-9499-77C3E4E704EF}.Release|Any CPU.ActiveCfg = Release|Any CPU
		{590955F3-79F9-483C-9499-77C3E4E704EF}.Release|Any CPU.Build.0 = Release|Any CPU
		{2A9569C0-216B-489D-960B-B0B34CA2B864}.Debug|Any CPU.ActiveCfg = Debug|Any CPU
		{2A9569C0-216B-489D-960B-B0B34CA2B864}.Debug|Any CPU.Build.0 = Debug|Any CPU
		{2A9569C0-216B-489D-960B-B0B34CA2B864}.Release|Any CPU.ActiveCfg = Release|Any CPU
		{2A9569C0-216B-489D-960B-B0B34CA2B864}.Release|Any CPU.Build.0 = Release|Any CPU
		{47624CD8-B110-47AD-AA16-8C7743E7010A}.Debug|Any CPU.ActiveCfg = Debug|Any CPU
		{47624CD8-B110-47AD-AA16-8C7743E7010A}.Debug|Any CPU.Build.0 = Debug|Any CPU
		{47624CD8-B110-47AD-AA16-8C7743E7010A}.Release|Any CPU.ActiveCfg = Release|Any CPU
		{47624CD8-B110-47AD-AA16-8C7743E7010A}.Release|Any CPU.Build.0 = Release|Any CPU
	EndGlobalSection
	GlobalSection(SolutionProperties) = preSolution
		HideSolutionNode = FALSE
	EndGlobalSection
	GlobalSection(ExtensibilityGlobals) = postSolution
		SolutionGuid = {E69E521A-E0B9-447A-B4B0-180BFD32A7DB}
	EndGlobalSection
EndGlobal
